
Microsoft Visual Studio Solution File, Format Version 12.00
# Visual Studio 2012
Project("{FAE04EC0-301F-11D3-BF4B-00C04F79EFBC}") = "CSharpSnippets", "CSharpSnippets.csproj", "{7EF7C07E-265E-469D-BCC6-260A6C757CB0}"
EndProject
Global
	GlobalSection(SolutionConfigurationPlatforms) = preSolution
		Debug|Any CPU = Debug|Any CPU
		Release|Any CPU = Release|Any CPU
	EndGlobalSection
	GlobalSection(ProjectConfigurationPlatforms) = postSolution
		{7EF7C07E-265E-469D-BCC6-260A6C757CB0}.Debug|Any CPU.ActiveCfg = Debug|Any CPU
		{7EF7C07E-265E-469D-BCC6-260A6C757CB0}.Debug|Any CPU.Build.0 = Debug|Any CPU
		{7EF7C07E-265E-469D-BCC6-260A6C757CB0}.Release|Any CPU.ActiveCfg = Release|Any CPU
		{7EF7C07E-265E-469D-BCC6-260A6C757CB0}.Release|Any CPU.Build.0 = Release|Any CPU
	EndGlobalSection
	GlobalSection(SolutionProperties) = preSolution
		HideSolutionNode = FALSE
	EndGlobalSection
EndGlobal
